
Microsoft Visual Studio Solution File, Format Version 12.00
# Visual Studio Version 17
VisualStudioVersion = 17.0.32014.148
MinimumVisualStudioVersion = 10.0.40219.1
Project("{FAE04EC0-301F-11D3-BF4B-00C04F79EFBC}") = "XefiAcademyAPI", "XefiAcademyAPI.csproj", "{F3DA6A88-AA1D-40CA-855D-9688E8F1E193}"
EndProject
Global
	GlobalSection(SolutionConfigurationPlatforms) = preSolution
		Debug|Any CPU = Debug|Any CPU
		Release|Any CPU = Release|Any CPU
	EndGlobalSection
	GlobalSection(ProjectConfigurationPlatforms) = postSolution
		{F3DA6A88-AA1D-40CA-855D-9688E8F1E193}.Debug|Any CPU.ActiveCfg = Debug|Any CPU
		{F3DA6A88-AA1D-40CA-855D-9688E8F1E193}.Debug|Any CPU.Build.0 = Debug|Any CPU
		{F3DA6A88-AA1D-40CA-855D-9688E8F1E193}.Release|Any CPU.ActiveCfg = Release|Any CPU
		{F3DA6A88-AA1D-40CA-855D-9688E8F1E193}.Release|Any CPU.Build.0 = Release|Any CPU
	EndGlobalSection
	GlobalSection(SolutionProperties) = preSolution
		HideSolutionNode = FALSE
	EndGlobalSection
	GlobalSection(ExtensibilityGlobals) = postSolution
		SolutionGuid = {B35051CF-1F61-4376-8F4F-E099C8160FA7}
	EndGlobalSection
EndGlobal
